
Microsoft Visual Studio Solution File, Format Version 12.00
# Visual Studio Version 17
VisualStudioVersion = 17.13.35919.96 d17.13
MinimumVisualStudioVersion = 10.0.40219.1
Project("{FAE04EC0-301F-11D3-BF4B-00C04F79EFBC}") = "GestionProductos", "GestionProductos\GestionProductos.csproj", "{753C6576-ADEB-4B1F-A7C2-E7BB0C36D43B}"
EndProject
Project("{FAE04EC0-301F-11D3-BF4B-00C04F79EFBC}") = "GestionTransacciones", "GestionTransacciones\GestionTransacciones.csproj", "{6C677DD8-1C27-4350-8EC4-C81C6008370E}"
EndProject
Global
	GlobalSection(SolutionConfigurationPlatforms) = preSolution
		Debug|Any CPU = Debug|Any CPU
		Release|Any CPU = Release|Any CPU
	EndGlobalSection
	GlobalSection(ProjectConfigurationPlatforms) = postSolution
		{753C6576-ADEB-4B1F-A7C2-E7BB0C36D43B}.Debug|Any CPU.ActiveCfg = Debug|Any CPU
		{753C6576-ADEB-4B1F-A7C2-E7BB0C36D43B}.Debug|Any CPU.Build.0 = Debug|Any CPU
		{753C6576-ADEB-4B1F-A7C2-E7BB0C36D43B}.Release|Any CPU.ActiveCfg = Release|Any CPU
		{753C6576-ADEB-4B1F-A7C2-E7BB0C36D43B}.Release|Any CPU.Build.0 = Release|Any CPU
		{6C677DD8-1C27-4350-8EC4-C81C6008370E}.Debug|Any CPU.ActiveCfg = Debug|Any CPU
		{6C677DD8-1C27-4350-8EC4-C81C6008370E}.Debug|Any CPU.Build.0 = Debug|Any CPU
		{6C677DD8-1C27-4350-8EC4-C81C6008370E}.Release|Any CPU.ActiveCfg = Release|Any CPU
		{6C677DD8-1C27-4350-8EC4-C81C6008370E}.Release|Any CPU.Build.0 = Release|Any CPU
	EndGlobalSection
	GlobalSection(SolutionProperties) = preSolution
		HideSolutionNode = FALSE
	EndGlobalSection
	GlobalSection(ExtensibilityGlobals) = postSolution
		SolutionGuid = {7C39BCFD-311C-4593-8FAB-BCE12C22ACB7}
	EndGlobalSection
EndGlobal
